
Microsoft Visual Studio Solution File, Format Version 12.00
# Visual Studio 14
VisualStudioVersion = 14.0.25123.0
MinimumVisualStudioVersion = 10.0.40219.1
Project("{72E66523-08C7-4C0B-A59B-6FB640D3C6BB}") = "Sitecore.Support.315995", "Sitecore.Support.315995\Sitecore.Support.315995.csproj", "{8E855ED9-3A16-4D2E-8E4A-9CF57E8299C3}"
EndProject
Global
	GlobalSection(SolutionConfigurationPlatforms) = preSolution
		Debug|Any CPU = Debug|Any CPU
		Release|Any CPU = Release|Any CPU
	EndGlobalSection
	GlobalSection(ProjectConfigurationPlatforms) = postSolution
		{8E855ED9-3A16-4D2E-8E4A-9CF57E8299C3}.Debug|Any CPU.ActiveCfg = Debug|Any CPU
		{8E855ED9-3A16-4D2E-8E4A-9CF57E8299C3}.Debug|Any CPU.Build.0 = Debug|Any CPU
		{8E855ED9-3A16-4D2E-8E4A-9CF57E8299C3}.Release|Any CPU.ActiveCfg = Release|Any CPU
		{8E855ED9-3A16-4D2E-8E4A-9CF57E8299C3}.Release|Any CPU.Build.0 = Release|Any CPU
	EndGlobalSection
	GlobalSection(SolutionProperties) = preSolution
		HideSolutionNode = FALSE
	EndGlobalSection
EndGlobal
